
Microsoft Visual Studio Solution File, Format Version 12.00
# Visual Studio Version 16
VisualStudioVersion = 16.0.30114.105
MinimumVisualStudioVersion = 10.0.40219.1
Project("{F2A71F9B-5D33-465A-A702-920D77279786}") = "FSharp.Playground", "FSharp.Playground\FSharp.Playground.fsproj", "{39208F09-E7DF-4379-9FE6-008E0ED38DE1}"
EndProject
Project("{F2A71F9B-5D33-465A-A702-920D77279786}") = "FSharp.Playground.Tests", "FSharp.Playground.Tests\FSharp.Playground.Tests.fsproj", "{1BC404FD-0271-4BB8-AF34-7E56A34F2DCD}"
EndProject
Global
	GlobalSection(SolutionConfigurationPlatforms) = preSolution
		Debug|Any CPU = Debug|Any CPU
		Release|Any CPU = Release|Any CPU
	EndGlobalSection
	GlobalSection(SolutionProperties) = preSolution
		HideSolutionNode = FALSE
	EndGlobalSection
	GlobalSection(ProjectConfigurationPlatforms) = postSolution
		{39208F09-E7DF-4379-9FE6-008E0ED38DE1}.Debug|Any CPU.ActiveCfg = Debug|Any CPU
		{39208F09-E7DF-4379-9FE6-008E0ED38DE1}.Debug|Any CPU.Build.0 = Debug|Any CPU
		{39208F09-E7DF-4379-9FE6-008E0ED38DE1}.Release|Any CPU.ActiveCfg = Release|Any CPU
		{39208F09-E7DF-4379-9FE6-008E0ED38DE1}.Release|Any CPU.Build.0 = Release|Any CPU
		{1BC404FD-0271-4BB8-AF34-7E56A34F2DCD}.Debug|Any CPU.ActiveCfg = Debug|Any CPU
		{1BC404FD-0271-4BB8-AF34-7E56A34F2DCD}.Debug|Any CPU.Build.0 = Debug|Any CPU
		{1BC404FD-0271-4BB8-AF34-7E56A34F2DCD}.Release|Any CPU.ActiveCfg = Release|Any CPU
		{1BC404FD-0271-4BB8-AF34-7E56A34F2DCD}.Release|Any CPU.Build.0 = Release|Any CPU
	EndGlobalSection
EndGlobal
